<?xml version="1.0" encoding="UTF-8" standalone="yes" ?>
<CodeBlocks_project_file>
	<FileVersion major="1" minor="6" />
	<Project>
		<Option title="MdKPQ" />
		<Option pch_mode="2" />
		<Option compiler="gcc" />
		<Build>
			<Target title="Debug">
				<Option output="bin/Debug/MdKPQ" prefix_auto="1" extension_auto="1" />
				<Option object_output="obj/Debug/" />
				<Option type="1" />
				<Option compiler="gcc" />
				<Option parameters="-dir Instances" />
				<Compiler>
					<Add option="-g" />
				</Compiler>
			</Target>
			<Target title="Release">
				<Option output="bin/Release/MdKPQ" prefix_auto="1" extension_auto="1" />
				<Option object_output="obj/Release/" />
				<Option type="1" />
				<Option compiler="gcc" />
				<Option parameters="-dir Instances" />
				<Compiler>
					<Add option="-O3" />
				</Compiler>
				<Linker>
					<Add option="-s" />
				</Linker>
			</Target>
		</Build>
		<Compiler>
			<Add option="-Wall" />
			<Add option="-std=c++14" />
			<Add option="-fexceptions" />
			<Add directory="/usr/include/coin" />
		</Compiler>
		<Linker>
			<Add library="/usr/lib/x86_64-linux-gnu/libClp.so" />
			<Add library="/usr/lib/x86_64-linux-gnu/libCoinUtils.so" />
		</Linker>
		<Unit filename="main.cpp" />
		<Unit filename="mdkp.cpp" />
		<Unit filename="mdkp.h" />
		<Unit filename="qs.cpp" />
		<Unit filename="srt.cpp" />
		<Unit filename="srt.h" />
		<Unit filename="sys_stk.cpp" />
		<Unit filename="sys_stk.h" />
		<Extensions>
			<code_completion />
			<debugger />
		</Extensions>
	</Project>
</CodeBlocks_project_file>
